<Solution>
  <Folder Name="/src/">
    <Project Path="src/CaptureCanva/CaptureCanva.csproj" />
  </Folder>
  <Folder Name="/tests/">
    <Project Path="tests/CaptureCanva.GifChecks/CaptureCanva.GifChecks.csproj" />
    <Project Path="tests/CaptureCanva.SettingsChecks/CaptureCanva.SettingsChecks.csproj" />
    <Project Path="tests/CaptureCanva.UIChecks/CaptureCanva.UIChecks.csproj" />
  </Folder>
</Solution>
